
Microsoft Visual Studio Solution File, Format Version 12.00
# Visual Studio Version 16
VisualStudioVersion = 16.0.32106.194
MinimumVisualStudioVersion = 10.0.40219.1
Project("{FAE04EC0-301F-11D3-BF4B-00C04F79EFBC}") = "HackRarZip", "HackRarZip\HackRarZip.csproj", "{8C35B71B-BAC1-40E0-A4A5-89A792543E2B}"
EndProject
Global
	GlobalSection(SolutionConfigurationPlatforms) = preSolution
		Debug|Any CPU = Debug|Any CPU
		Release|Any CPU = Release|Any CPU
	EndGlobalSection
	GlobalSection(ProjectConfigurationPlatforms) = postSolution
		{8C35B71B-BAC1-40E0-A4A5-89A792543E2B}.Debug|Any CPU.ActiveCfg = Debug|Any CPU
		{8C35B71B-BAC1-40E0-A4A5-89A792543E2B}.Debug|Any CPU.Build.0 = Debug|Any CPU
		{8C35B71B-BAC1-40E0-A4A5-89A792543E2B}.Release|Any CPU.ActiveCfg = Release|Any CPU
		{8C35B71B-BAC1-40E0-A4A5-89A792543E2B}.Release|Any CPU.Build.0 = Release|Any CPU
	EndGlobalSection
	GlobalSection(SolutionProperties) = preSolution
		HideSolutionNode = FALSE
	EndGlobalSection
	GlobalSection(ExtensibilityGlobals) = postSolution
		SolutionGuid = {12A9C3C1-C53F-4CE8-94D4-BDE9AFAB38EB}
	EndGlobalSection
EndGlobal
